// !$*UTF8*$!
{
	archiveVersion = 1;
	classes = {
	};
	objectVersion = 55;
	objects = {

/* Begin PBXBuildFile section */
		B50E69D627C7EC1F00229062 /* GuessState.swift in Sources */ = {isa = PBXBuildFile; fileRef = B50E69D527C7EC1F00229062 /* GuessState.swift */; };
		B50E69D827C7EC4100229062 /* Models.swift in Sources */ = {isa = PBXBuildFile; fileRef = B50E69D727C7EC4100229062 /* Models.swift */; };
		B50E69DA27C7F07400229062 /* LetterView.swift in Sources */ = {isa = PBXBuildFile; fileRef = B50E69D927C7F07400229062 /* LetterView.swift */; };
		B517E13927E8C28D00F4D06A /* words.txt in Resources */ = {isa = PBXBuildFile; fileRef = B517E13827E8C28D00F4D06A /* words.txt */; };
		B517E13B27E8C29700F4D06A /* WordList.swift in Sources */ = {isa = PBXBuildFile; fileRef = B517E13A27E8C29700F4D06A /* WordList.swift */; };
		B5334A1527AC22ED00311A1F /* WurdleApp.swift in Sources */ = {isa = PBXBuildFile; fileRef = B5334A1427AC22ED00311A1F /* WurdleApp.swift */; };
		B5334A1727AC22ED00311A1F /* ContentView.swift in Sources */ = {isa = PBXBuildFile; fileRef = B5334A1627AC22ED00311A1F /* ContentView.swift */; };
		B5334A1927AC22EE00311A1F /* Assets.xcassets in Resources */ = {isa = PBXBuildFile; fileRef = B5334A1827AC22EE00311A1F /* Assets.xcassets */; };
		B5334A1C27AC22EE00311A1F /* Preview Assets.xcassets in Resources */ = {isa = PBXBuildFile; fileRef = B5334A1B27AC22EE00311A1F /* Preview Assets.xcassets */; };
		B5A513EE27D90BD600FBED71 /* LetterFlipTransition.swift in Sources */ = {isa = PBXBuildFile; fileRef = B5A513ED27D90BD600FBED71 /* LetterFlipTransition.swift */; };
/* End PBXBuildFile section */

/* Begin PBXFileReference section */
		B50E69D527C7EC1F00229062 /* GuessState.swift */ = {isa = PBXFileReference; lastKnownFileType = sourcecode.swift; path = GuessState.swift; sourceTree = "<group>"; };
		B50E69D727C7EC4100229062 /* Models.swift */ = {isa = PBXFileReference; lastKnownFileType = sourcecode.swift; path = Models.swift; sourceTree = "<group>"; };
		B50E69D927C7F07400229062 /* LetterView.swift */ = {isa = PBXFileReference; lastKnownFileType = sourcecode.swift; path = LetterView.swift; sourceTree = "<group>"; };
		B517E13827E8C28D00F4D06A /* words.txt */ = {isa = PBXFileReference; fileEncoding = 4; lastKnownFileType = text; path = words.txt; sourceTree = "<group>"; };
		B517E13A27E8C29700F4D06A /* WordList.swift */ = {isa = PBXFileReference; lastKnownFileType = sourcecode.swift; path = WordList.swift; sourceTree = "<group>"; };
		B5334A1127AC22ED00311A1F /* Wurdle.app */ = {isa = PBXFileReference; explicitFileType = wrapper.application; includeInIndex = 0; path = Wurdle.app; sourceTree = BUILT_PRODUCTS_DIR; };
		B5334A1427AC22ED00311A1F /* WurdleApp.swift */ = {isa = PBXFileReference; lastKnownFileType = sourcecode.swift; path = WurdleApp.swift; sourceTree = "<group>"; };
		B5334A1627AC22ED00311A1F /* ContentView.swift */ = {isa = PBXFileReference; lastKnownFileType = sourcecode.swift; path = ContentView.swift; sourceTree = "<group>"; };
		B5334A1827AC22EE00311A1F /* Assets.xcassets */ = {isa = PBXFileReference; lastKnownFileType = folder.assetcatalog; path = Assets.xcassets; sourceTree = "<group>"; };
		B5334A1B27AC22EE00311A1F /* Preview Assets.xcassets */ = {isa = PBXFileReference; lastKnownFileType = folder.assetcatalog; path = "Preview Assets.xcassets"; sourceTree = "<group>"; };
		B5A513ED27D90BD600FBED71 /* LetterFlipTransition.swift */ = {isa = PBXFileReference; lastKnownFileType = sourcecode.swift; path = LetterFlipTransition.swift; sourceTree = "<group>"; };
/* End PBXFileReference section */

/* Begin PBXFrameworksBuildPhase section */
		B5334A0E27AC22ED00311A1F /* Frameworks */ = {
			isa = PBXFrameworksBuildPhase;
			buildActionMask = 2147483647;
			files = (
			);
			runOnlyForDeploymentPostprocessing = 0;
		};
/* End PBXFrameworksBuildPhase section */

/* Begin PBXGroup section */
		B5334A0827AC22ED00311A1F = {
			isa = PBXGroup;
			children = (
				B5334A1327AC22ED00311A1F /* Wurdle */,
				B5334A1227AC22ED00311A1F /* Products */,
			);
			sourceTree = "<group>";
		};
		B5334A1227AC22ED00311A1F /* Products */ = {
			isa = PBXGroup;
			children = (
				B5334A1127AC22ED00311A1F /* Wurdle.app */,
			);
			name = Products;
			sourceTree = "<group>";
		};
		B5334A1327AC22ED00311A1F /* Wurdle */ = {
			isa = PBXGroup;
			children = (
				B517E13827E8C28D00F4D06A /* words.txt */,
				B5334A1427AC22ED00311A1F /* WurdleApp.swift */,
				B5334A1627AC22ED00311A1F /* ContentView.swift */,
				B50E69D527C7EC1F00229062 /* GuessState.swift */,
				B50E69D727C7EC4100229062 /* Models.swift */,
				B50E69D927C7F07400229062 /* LetterView.swift */,
				B5A513ED27D90BD600FBED71 /* LetterFlipTransition.swift */,
				B5334A1827AC22EE00311A1F /* Assets.xcassets */,
				B5334A1A27AC22EE00311A1F /* Preview Content */,
				B517E13A27E8C29700F4D06A /* WordList.swift */,
			);
			path = Wurdle;
			sourceTree = "<group>";
		};
		B5334A1A27AC22EE00311A1F /* Preview Content */ = {
			isa = PBXGroup;
			children = (
				B5334A1B27AC22EE00311A1F /* Preview Assets.xcassets */,
			);
			path = "Preview Content";
			sourceTree = "<group>";
		};
/* End PBXGroup section */

/* Begin PBXNativeTarget section */
		B5334A1027AC22ED00311A1F /* Wurdle */ = {
			isa = PBXNativeTarget;
			buildConfigurationList = B5334A1F27AC22EE00311A1F /* Build configuration list for PBXNativeTarget "Wurdle" */;
			buildPhases = (
				B5334A0D27AC22ED00311A1F /* Sources */,
				B5334A0E27AC22ED00311A1F /* Frameworks */,
				B5334A0F27AC22ED00311A1F /* Resources */,
			);
			buildRules = (
			);
			dependencies = (
			);
			name = Wurdle;
			productName = Wurdle;
			productReference = B5334A1127AC22ED00311A1F /* Wurdle.app */;
			productType = "com.apple.product-type.application";
		};
/* End PBXNativeTarget section */

/* Begin PBXProject section */
		B5334A0927AC22ED00311A1F /* Project object */ = {
			isa = PBXProject;
			attributes = {
				BuildIndependentTargetsInParallel = 1;
				LastSwiftUpdateCheck = 1320;
				LastUpgradeCheck = 1320;
				TargetAttributes = {
					B5334A1027AC22ED00311A1F = {
						CreatedOnToolsVersion = 13.2.1;
					};
				};
			};
			buildConfigurationList = B5334A0C27AC22ED00311A1F /* Build configuration list for PBXProject "Wurdle" */;
			compatibilityVersion = "Xcode 13.0";
			developmentRegion = en;
			hasScannedForEncodings = 0;
			knownRegions = (
				en,
				Base,
			);
			mainGroup = B5334A0827AC22ED00311A1F;
			productRefGroup = B5334A1227AC22ED00311A1F /* Products */;
			projectDirPath = "";
			projectRoot = "";
			targets = (
				B5334A1027AC22ED00311A1F /* Wurdle */,
			);
		};
/* End PBXProject section */

/* Begin PBXResourcesBuildPhase section */
		B5334A0F27AC22ED00311A1F /* Resources */ = {
			isa = PBXResourcesBuildPhase;
			buildActionMask = 2147483647;
			files = (
				B5334A1C27AC22EE00311A1F /* Preview Assets.xcassets in Resources */,
				B517E13927E8C28D00F4D06A /* words.txt in Resources */,
				B5334A1927AC22EE00311A1F /* Assets.xcassets in Resources */,
			);
			runOnlyForDeploymentPostprocessing = 0;
		};
/* End PBXResourcesBuildPhase section */

/* Begin PBXSourcesBuildPhase section */
		B5334A0D27AC22ED00311A1F /* Sources */ = {
			isa = PBXSourcesBuildPhase;
			buildActionMask = 2147483647;
			files = (
				B50E69D627C7EC1F00229062 /* GuessState.swift in Sources */,
				B517E13B27E8C29700F4D06A /* WordList.swift in Sources */,
				B50E69D827C7EC4100229062 /* Models.swift in Sources */,
				B5334A1727AC22ED00311A1F /* ContentView.swift in Sources */,
				B5A513EE27D90BD600FBED71 /* LetterFlipTransition.swift in Sources */,
				B5334A1527AC22ED00311A1F /* WurdleApp.swift in Sources */,
				B50E69DA27C7F07400229062 /* LetterView.swift in Sources */,
			);
			runOnlyForDeploymentPostprocessing = 0;
		};
/* End PBXSourcesBuildPhase section */

/* Begin XCBuildConfiguration section */
		B5334A1D27AC22EE00311A1F /* Debug */ = {
			isa = XCBuildConfiguration;
			buildSettings = {
				ALWAYS_SEARCH_USER_PATHS = NO;
				CLANG_ANALYZER_NONNULL = YES;
				CLANG_ANALYZER_NUMBER_OBJECT_CONVERSION = YES_AGGRESSIVE;
				CLANG_CXX_LANGUAGE_STANDARD = "gnu++17";
				CLANG_CXX_LIBRARY = "libc++";
				CLANG_ENABLE_MODULES = YES;
				CLANG_ENABLE_OBJC_ARC = YES;
				CLANG_ENABLE_OBJC_WEAK = YES;
				CLANG_WARN_BLOCK_CAPTURE_AUTORELEASING = YES;
				CLANG_WARN_BOOL_CONVERSION = YES;
				CLANG_WARN_COMMA = YES;
				CLANG_WARN_CONSTANT_CONVERSION = YES;
				CLANG_WARN_DEPRECATED_OBJC_IMPLEMENTATIONS = YES;
				CLANG_WARN_DIRECT_OBJC_ISA_USAGE = YES_ERROR;
				CLANG_WARN_DOCUMENTATION_COMMENTS = YES;
				CLANG_WARN_EMPTY_BODY = YES;
				CLANG_WARN_ENUM_CONVERSION = YES;
				CLANG_WARN_INFINITE_RECURSION = YES;
				CLANG_WARN_INT_CONVERSION = YES;
				CLANG_WARN_NON_LITERAL_NULL_CONVERSION = YES;
				CLANG_WARN_OBJC_IMPLICIT_RETAIN_SELF = YES;
				CLANG_WARN_OBJC_LITERAL_CONVERSION = YES;
				CLANG_WARN_OBJC_ROOT_CLASS = YES_ERROR;
				CLANG_WARN_QUOTED_INCLUDE_IN_FRAMEWORK_HEADER = YES;
				CLANG_WARN_RANGE_LOOP_ANALYSIS = YES;
				CLANG_WARN_STRICT_PROTOTYPES = YES;
				CLANG_WARN_SUSPICIOUS_MOVE = YES;
				CLANG_WARN_UNGUARDED_AVAILABILITY = YES_AGGRESSIVE;
				CLANG_WARN_UNREACHABLE_CODE = YES;
				CLANG_WARN__DUPLICATE_METHOD_MATCH = YES;
				COPY_PHASE_STRIP = NO;
				DEBUG_INFORMATION_FORMAT = dwarf;
				ENABLE_STRICT_OBJC_MSGSEND = YES;
				ENABLE_TESTABILITY = YES;
				GCC_C_LANGUAGE_STANDARD = gnu11;
				GCC_DYNAMIC_NO_PIC = NO;
				GCC_NO_COMMON_BLOCKS = YES;
				GCC_OPTIMIZATION_LEVEL = 0;
				GCC_PREPROCESSOR_DEFINITIONS = (
					"DEBUG=1",
					"$(inherited)",
				);
				GCC_WARN_64_TO_32_BIT_CONVERSION = YES;
				GCC_WARN_ABOUT_RETURN_TYPE = YES_ERROR;
				GCC_WARN_UNDECLARED_SELECTOR = YES;
				GCC_WARN_UNINITIALIZED_AUTOS = YES_AGGRESSIVE;
				GCC_WARN_UNUSED_FUNCTION = YES;
				GCC_WARN_UNUSED_VARIABLE = YES;
				IPHONEOS_DEPLOYMENT_TARGET = 15.2;
				MTL_ENABLE_DEBUG_INFO = INCLUDE_SOURCE;
				MTL_FAST_MATH = YES;
				ONLY_ACTIVE_ARCH = YES;
				SDKROOT = iphoneos;
				SWIFT_ACTIVE_COMPILATION_CONDITIONS = DEBUG;
				SWIFT_OPTIMIZATION_LEVEL = "-Onone";
			};
			name = Debug;
		};
		B5334A1E27AC22EE00311A1F /* Release */ = {
			isa = XCBuildConfiguration;
			buildSettings = {
				ALWAYS_SEARCH_USER_PATHS = NO;
				CLANG_ANALYZER_NONNULL = YES;
				CLANG_ANALYZER_NUMBER_OBJECT_CONVERSION = YES_AGGRESSIVE;
				CLANG_CXX_LANGUAGE_STANDARD = "gnu++17";
				CLANG_CXX_LIBRARY = "libc++";
				CLANG_ENABLE_MODULES = YES;
				CLANG_ENABLE_OBJC_ARC = YES;
				CLANG_ENABLE_OBJC_WEAK = YES;
				CLANG_WARN_BLOCK_CAPTURE_AUTORELEASING = YES;
				CLANG_WARN_BOOL_CONVERSION = YES;
				CLANG_WARN_COMMA = YES;
				CLANG_WARN_CONSTANT_CONVERSION = YES;
				CLANG_WARN_DEPRECATED_OBJC_IMPLEMENTATIONS = YES;
				CLANG_WARN_DIRECT_OBJC_ISA_USAGE = YES_ERROR;
				CLANG_WARN_DOCUMENTATION_COMMENTS = YES;
				CLANG_WARN_EMPTY_BODY = YES;
				CLANG_WARN_ENUM_CONVERSION = YES;
				CLANG_WARN_INFINITE_RECURSION = YES;
				CLANG_WARN_INT_CONVERSION = YES;
				CLANG_WARN_NON_LITERAL_NULL_CONVERSION = YES;
				CLANG_WARN_OBJC_IMPLICIT_RETAIN_SELF = YES;
				CLANG_WARN_OBJC_LITERAL_CONVERSION = YES;
				CLANG_WARN_OBJC_ROOT_CLASS = YES_ERROR;
				CLANG_WARN_QUOTED_INCLUDE_IN_FRAMEWORK_HEADER = YES;
				CLANG_WARN_RANGE_LOOP_ANALYSIS = YES;
				CLANG_WARN_STRICT_PROTOTYPES = YES;
				CLANG_WARN_SUSPICIOUS_MOVE = YES;
				CLANG_WARN_UNGUARDED_AVAILABILITY = YES_AGGRESSIVE;
				CLANG_WARN_UNREACHABLE_CODE = YES;
				CLANG_WARN__DUPLICATE_METHOD_MATCH = YES;
				COPY_PHASE_STRIP = NO;
				DEBUG_INFORMATION_FORMAT = "dwarf-with-dsym";
				ENABLE_NS_ASSERTIONS = NO;
				ENABLE_STRICT_OBJC_MSGSEND = YES;
				GCC_C_LANGUAGE_STANDARD = gnu11;
				GCC_NO_COMMON_BLOCKS = YES;
				GCC_WARN_64_TO_32_BIT_CONVERSION = YES;
				GCC_WARN_ABOUT_RETURN_TYPE = YES_ERROR;
				GCC_WARN_UNDECLARED_SELECTOR = YES;
				GCC_WARN_UNINITIALIZED_AUTOS = YES_AGGRESSIVE;
				GCC_WARN_UNUSED_FUNCTION = YES;
				GCC_WARN_UNUSED_VARIABLE = YES;
				IPHONEOS_DEPLOYMENT_TARGET = 15.2;
				MTL_ENABLE_DEBUG_INFO = NO;
				MTL_FAST_MATH = YES;
				SDKROOT = iphoneos;
				SWIFT_COMPILATION_MODE = wholemodule;
				SWIFT_OPTIMIZATION_LEVEL = "-O";
				VALIDATE_PRODUCT = YES;
			};
			name = Release;
		};
		B5334A2027AC22EE00311A1F /* Debug */ = {
			isa = XCBuildConfiguration;
			buildSettings = {
				ASSETCATALOG_COMPILER_APPICON_NAME = AppIcon;
				ASSETCATALOG_COMPILER_GLOBAL_ACCENT_COLOR_NAME = AccentColor;
				CODE_SIGN_STYLE = Automatic;
				CURRENT_PROJECT_VERSION = 1;
				DEVELOPMENT_ASSET_PATHS = "\"Wurdle/Preview Content\"";
				DEVELOPMENT_TEAM = C2K3864N2N;
				ENABLE_PREVIEWS = YES;
				GENERATE_INFOPLIST_FILE = YES;
				INFOPLIST_KEY_UIApplicationSceneManifest_Generation = YES;
				INFOPLIST_KEY_UIApplicationSupportsIndirectInputEvents = YES;
				INFOPLIST_KEY_UILaunchScreen_Generation = YES;
				INFOPLIST_KEY_UISupportedInterfaceOrientations_iPad = "UIInterfaceOrientationPortrait UIInterfaceOrientationPortraitUpsideDown UIInterfaceOrientationLandscapeLeft UIInterfaceOrientationLandscapeRight";
				INFOPLIST_KEY_UISupportedInterfaceOrientations_iPhone = "UIInterfaceOrientationPortrait UIInterfaceOrientationLandscapeLeft UIInterfaceOrientationLandscapeRight";
				LD_RUNPATH_SEARCH_PATHS = (
					"$(inherited)",
					"@executable_path/Frameworks",
				);
				MARKETING_VERSION = 1.0;
				PRODUCT_BUNDLE_IDENTIFIER = com.ficklebits.Wurdle;
				PRODUCT_NAME = "$(TARGET_NAME)";
				SWIFT_EMIT_LOC_STRINGS = YES;
				SWIFT_VERSION = 5.0;
				TARGETED_DEVICE_FAMILY = "1,2";
			};
			name = Debug;
		};
		B5334A2127AC22EE00311A1F /* Release */ = {
			isa = XCBuildConfiguration;
			buildSettings = {
				ASSETCATALOG_COMPILER_APPICON_NAME = AppIcon;
				ASSETCATALOG_COMPILER_GLOBAL_ACCENT_COLOR_NAME = AccentColor;
				CODE_SIGN_STYLE = Automatic;
				CURRENT_PROJECT_VERSION = 1;
				DEVELOPMENT_ASSET_PATHS = "\"Wurdle/Preview Content\"";
				DEVELOPMENT_TEAM = C2K3864N2N;
				ENABLE_PREVIEWS = YES;
				GENERATE_INFOPLIST_FILE = YES;
				INFOPLIST_KEY_UIApplicationSceneManifest_Generation = YES;
				INFOPLIST_KEY_UIApplicationSupportsIndirectInputEvents = YES;
				INFOPLIST_KEY_UILaunchScreen_Generation = YES;
				INFOPLIST_KEY_UISupportedInterfaceOrientations_iPad = "UIInterfaceOrientationPortrait UIInterfaceOrientationPortraitUpsideDown UIInterfaceOrientationLandscapeLeft UIInterfaceOrientationLandscapeRight";
				INFOPLIST_KEY_UISupportedInterfaceOrientations_iPhone = "UIInterfaceOrientationPortrait UIInterfaceOrientationLandscapeLeft UIInterfaceOrientationLandscapeRight";
				LD_RUNPATH_SEARCH_PATHS = (
					"$(inherited)",
					"@executable_path/Frameworks",
				);
				MARKETING_VERSION = 1.0;
				PRODUCT_BUNDLE_IDENTIFIER = com.ficklebits.Wurdle;
				PRODUCT_NAME = "$(TARGET_NAME)";
				SWIFT_EMIT_LOC_STRINGS = YES;
				SWIFT_VERSION = 5.0;
				TARGETED_DEVICE_FAMILY = "1,2";
			};
			name = Release;
		};
/* End XCBuildConfiguration section */

/* Begin XCConfigurationList section */
		B5334A0C27AC22ED00311A1F /* Build configuration list for PBXProject "Wurdle" */ = {
			isa = XCConfigurationList;
			buildConfigurations = (
				B5334A1D27AC22EE00311A1F /* Debug */,
				B5334A1E27AC22EE00311A1F /* Release */,
			);
			defaultConfigurationIsVisible = 0;
			defaultConfigurationName = Release;
		};
		B5334A1F27AC22EE00311A1F /* Build configuration list for PBXNativeTarget "Wurdle" */ = {
			isa = XCConfigurationList;
			buildConfigurations = (
				B5334A2027AC22EE00311A1F /* Debug */,
				B5334A2127AC22EE00311A1F /* Release */,
			);
			defaultConfigurationIsVisible = 0;
			defaultConfigurationName = Release;
		};
/* End XCConfigurationList section */
	};
	rootObject = B5334A0927AC22ED00311A1F /* Project object */;
}
